#MicroXplorer Configuration settings - do not modify
Dma.Request0=SDMMC1_RX
Dma.Request1=SDMMC1_TX
Dma.RequestsNb=2
Dma.SDMMC1_RX.0.Direction=DMA_PERIPH_TO_MEMORY
Dma.SDMMC1_RX.0.Instance=DMA2_Channel4
Dma.SDMMC1_RX.0.MemDataAlignment=DMA_MDATAALIGN_WORD
Dma.SDMMC1_RX.0.MemInc=DMA_MINC_ENABLE
Dma.SDMMC1_RX.0.Mode=DMA_NORMAL
Dma.SDMMC1_RX.0.PeriphDataAlignment=DMA_PDATAALIGN_WORD
Dma.SDMMC1_RX.0.PeriphInc=DMA_PINC_DISABLE
Dma.SDMMC1_RX.0.Priority=DMA_PRIORITY_LOW
Dma.SDMMC1_RX.0.RequestParameters=Instance,Direction,PeriphInc,MemInc,PeriphDataAlignment,MemDataAlignment,Mode,Priority
Dma.SDMMC1_TX.1.Direction=DMA_MEMORY_TO_PERIPH
Dma.SDMMC1_TX.1.Instance=DMA2_Channel5
Dma.SDMMC1_TX.1.MemDataAlignment=DMA_MDATAALIGN_WORD
Dma.SDMMC1_TX.1.MemInc=DMA_MINC_ENABLE
Dma.SDMMC1_TX.1.Mode=DMA_NORMAL
Dma.SDMMC1_TX.1.PeriphDataAlignment=DMA_PDATAALIGN_WORD
Dma.SDMMC1_TX.1.PeriphInc=DMA_PINC_DISABLE
Dma.SDMMC1_TX.1.Priority=DMA_PRIORITY_LOW
Dma.SDMMC1_TX.1.RequestParameters=Instance,Direction,PeriphInc,MemInc,PeriphDataAlignment,MemDataAlignment,Mode,Priority
FATFS.BSP.number=1
FATFS.IPParameters=USE_DMA_CODE_SD
FATFS.USE_DMA_CODE_SD=1
FATFS0.BSP.STBoard=false
FATFS0.BSP.api=Unknown
FATFS0.BSP.component=
FATFS0.BSP.condition=
FATFS0.BSP.i2caddr=0
FATFS0.BSP.i2creg=
FATFS0.BSP.instance=PC13
FATFS0.BSP.ip=GPIO
FATFS0.BSP.mode=Input
FATFS0.BSP.name=Detect_SDIO
FATFS0.BSP.semaphore=
FATFS0.BSP.solution=PC13
File.Version=6
GPIO.groupedBy=Group By Peripherals
KeepUserPlacement=false
Mcu.Family=STM32L4
Mcu.IP0=DMA
Mcu.IP1=FATFS
Mcu.IP2=NVIC
Mcu.IP3=RCC
Mcu.IP4=SDMMC1
Mcu.IP5=SYS
Mcu.IPNb=6
Mcu.Name=STM32L496A(E-G)Ix
Mcu.Package=UFBGA169
Mcu.Pin0=PB4 (NJTRST)
Mcu.Pin1=PA14 (JTCK/SWCLK)
Mcu.Pin10=PB13
Mcu.Pin11=VP_FATFS_VS_SDIO
Mcu.Pin12=VP_SYS_VS_Systick
Mcu.Pin2=PA13 (JTMS/SWDIO)
Mcu.Pin3=PD2
Mcu.Pin4=PC10
Mcu.Pin5=PC13
Mcu.Pin6=PC11
Mcu.Pin7=PC12
Mcu.Pin8=PC9
Mcu.Pin9=PC8
Mcu.PinsNb=13
Mcu.ThirdPartyNb=0
Mcu.UserConstants=
Mcu.UserName=STM32L496AGIx
MxCube.Version=6.4.0
MxDb.Version=DB.6.0.40
NVIC.BusFault_IRQn=true\:0\:0\:false\:false\:true\:false\:false
NVIC.DMA2_Channel4_IRQn=true\:0\:0\:false\:false\:true\:false\:true
NVIC.DMA2_Channel5_IRQn=true\:0\:0\:false\:false\:true\:false\:true
NVIC.DebugMonitor_IRQn=true\:0\:0\:false\:false\:true\:false\:false
NVIC.ForceEnableDMAVector=true
NVIC.HardFault_IRQn=true\:0\:0\:false\:false\:true\:false\:false
NVIC.MemoryManagement_IRQn=true\:0\:0\:false\:false\:true\:false\:false
NVIC.NonMaskableInt_IRQn=true\:0\:0\:false\:false\:true\:false\:false
NVIC.PendSV_IRQn=true\:0\:0\:false\:false\:true\:false\:false
NVIC.PriorityGroup=NVIC_PRIORITYGROUP_4
NVIC.SDMMC1_IRQn=true\:0\:0\:false\:false\:true\:true\:true
NVIC.SVCall_IRQn=true\:0\:0\:false\:false\:true\:false\:false
NVIC.SysTick_IRQn=true\:15\:0\:false\:false\:true\:false\:true
NVIC.UsageFault_IRQn=true\:0\:0\:false\:false\:true\:false\:false
PA13\ (JTMS/SWDIO).Mode=Serial_Wire
PA13\ (JTMS/SWDIO).Signal=SYS_JTMS-SWDIO
PA14\ (JTCK/SWCLK).Mode=Serial_Wire
PA14\ (JTCK/SWCLK).Signal=SYS_JTCK-SWCLK
PB13.Locked=true
PB13.Signal=GPIO_Output
PB4\ (NJTRST).Locked=true
PB4\ (NJTRST).Signal=TSC_G2_IO1
PC10.Mode=SD_4_bits_Wide_bus
PC10.Signal=SDMMC1_D2
PC11.Mode=SD_4_bits_Wide_bus
PC11.Signal=SDMMC1_D3
PC12.Mode=SD_4_bits_Wide_bus
PC12.Signal=SDMMC1_CK
PC13.Locked=true
PC13.Signal=GPIO_Input
PC8.Mode=SD_4_bits_Wide_bus
PC8.Signal=SDMMC1_D0
PC9.Mode=SD_4_bits_Wide_bus
PC9.Signal=SDMMC1_D1
PD2.Mode=SD_4_bits_Wide_bus
PD2.Signal=SDMMC1_CMD
PinOutPanel.CurrentBGAView=Top
PinOutPanel.RotationAngle=0
ProjectManager.AskForMigrate=true
ProjectManager.BackupPrevious=false
ProjectManager.CompilerOptimize=6
ProjectManager.ComputerToolchain=false
ProjectManager.CoupleFile=false
ProjectManager.CustomerFirmwarePackage=
ProjectManager.DefaultFWLocation=true
ProjectManager.DeletePrevious=true
ProjectManager.DeviceId=STM32L496AGIx
ProjectManager.FirmwarePackage=STM32Cube FW_L4 V1.17.1
ProjectManager.FreePins=false
ProjectManager.HalAssertFull=false
ProjectManager.HeapSize=0x1000
ProjectManager.KeepUserCode=true
ProjectManager.LastFirmware=true
ProjectManager.LibraryCopy=1
ProjectManager.MainLocation=Core/Src
ProjectManager.NoMain=false
ProjectManager.PreviousToolchain=
ProjectManager.ProjectBuild=false
ProjectManager.ProjectFileName=sd-card-example.ioc
ProjectManager.ProjectName=sd-card-example
ProjectManager.RegisterCallBack=
ProjectManager.StackSize=0x1000
ProjectManager.TargetToolchain=STM32CubeIDE
ProjectManager.ToolChainLocation=
ProjectManager.UnderRoot=true
ProjectManager.functionlistsort=1-SystemClock_Config-RCC-false-HAL-false,2-MX_GPIO_Init-GPIO-false-HAL-true,3-MX_SDMMC1_SD_Init-SDMMC1-false-HAL-true,4-MX_DMA_Init-DMA-false-HAL-true,5-MX_FATFS_Init-FATFS-false-HAL-false
RCC.ADCFreq_Value=32000000
RCC.FamilyName=M
RCC.HSE_VALUE=8000000
RCC.HSI48_VALUE=48000000
RCC.HSI_VALUE=16000000
RCC.IPParameters=ADCFreq_Value,FamilyName,HSE_VALUE,HSI48_VALUE,HSI_VALUE,LSCOPinFreq_Value,LSE_VALUE,LSI_VALUE,MSI_VALUE,PLLPoutputFreq_Value,PLLQoutputFreq_Value,PLLRCLKFreq_Value,PLLSAI1N,PLLSAI1PoutputFreq_Value,PLLSAI1QoutputFreq_Value,PLLSAI1RoutputFreq_Value,PLLSAI2PoutputFreq_Value,PLLSAI2RoutputFreq_Value,RNGFreq_Value,SAI1Freq_Value,SAI2Freq_Value,SDMMCFreq_Value,USBFreq_Value,VCOInputFreq_Value,VCOOutputFreq_Value,VCOSAI1OutputFreq_Value,VCOSAI2OutputFreq_Value
RCC.LSCOPinFreq_Value=32000
RCC.LSE_VALUE=32768
RCC.LSI_VALUE=32000
RCC.MSI_VALUE=4000000
RCC.PLLPoutputFreq_Value=16000000
RCC.PLLQoutputFreq_Value=16000000
RCC.PLLRCLKFreq_Value=16000000
RCC.PLLSAI1N=16
RCC.PLLSAI1PoutputFreq_Value=32000000
RCC.PLLSAI1QoutputFreq_Value=32000000
RCC.PLLSAI1RoutputFreq_Value=32000000
RCC.PLLSAI2PoutputFreq_Value=16000000
RCC.PLLSAI2RoutputFreq_Value=16000000
RCC.RNGFreq_Value=32000000
RCC.SAI1Freq_Value=32000000
RCC.SAI2Freq_Value=32000000
RCC.SDMMCFreq_Value=32000000
RCC.USBFreq_Value=32000000
RCC.VCOInputFreq_Value=4000000
RCC.VCOOutputFreq_Value=32000000
RCC.VCOSAI1OutputFreq_Value=64000000
RCC.VCOSAI2OutputFreq_Value=32000000
VP_FATFS_VS_SDIO.Mode=SDIO
VP_FATFS_VS_SDIO.Signal=FATFS_VS_SDIO
VP_SYS_VS_Systick.Mode=SysTick
VP_SYS_VS_Systick.Signal=SYS_VS_Systick
board=custom
isbadioc=false
